
Microsoft Visual Studio Solution File, Format Version 12.00
# Visual Studio Version 17
VisualStudioVersion = 17.13.35919.96 d17.13
MinimumVisualStudioVersion = 10.0.40219.1
Project("{FAE04EC0-301F-11D3-BF4B-00C04F79EFBC}") = "MoloWorld", "MoloWorld\MoloWorld.csproj", "{99542738-6BBB-4FD2-AAA9-330E10F6ED96}"
EndProject
Global
	GlobalSection(SolutionConfigurationPlatforms) = preSolution
		Debug|Any CPU = Debug|Any CPU
		Release|Any CPU = Release|Any CPU
	EndGlobalSection
	GlobalSection(ProjectConfigurationPlatforms) = postSolution
		{99542738-6BBB-4FD2-AAA9-330E10F6ED96}.Debug|Any CPU.ActiveCfg = Debug|Any CPU
		{99542738-6BBB-4FD2-AAA9-330E10F6ED96}.Debug|Any CPU.Build.0 = Debug|Any CPU
		{99542738-6BBB-4FD2-AAA9-330E10F6ED96}.Release|Any CPU.ActiveCfg = Release|Any CPU
		{99542738-6BBB-4FD2-AAA9-330E10F6ED96}.Release|Any CPU.Build.0 = Release|Any CPU
	EndGlobalSection
	GlobalSection(SolutionProperties) = preSolution
		HideSolutionNode = FALSE
	EndGlobalSection
	GlobalSection(ExtensibilityGlobals) = postSolution
		SolutionGuid = {ECB453DC-3383-4E49-9D68-F280A1A7C4FB}
	EndGlobalSection
EndGlobal
